{

  "name": "pfsense-api",

  "lockfileVersion": 3,

  "requires": true,

  "packages": {

    "": {

      "devDependencies": {

        "@prettier/plugin-php": "^0.22.1"

      }

    },

    "node_modules/@prettier/plugin-php": {

      "version": "0.22.1",

      "resolved": "https://registry.npmjs.org/@prettier/plugin-php/-/plugin-php-0.22.1.tgz",

      "integrity": "sha512-TN7tzC2/jCM1/H/mlUjqPos8lIV+vm8Qwp83KofuZclGlG9PoUWHU7m0yqskjAoCy+R4ZCV0hxdBLPBkU69S2Q==",

      "dev": true,

      "dependencies": {

        "linguist-languages": "^7.27.0",

        "mem": "^9.0.2",

        "php-parser": "^3.1.5"

      },

      "peerDependencies": {

        "prettier": "^3.0.0"

      }

    },

    "node_modules/linguist-languages": {

      "version": "7.27.0",

      "resolved": "https://registry.npmjs.org/linguist-languages/-/linguist-languages-7.27.0.tgz",

      "integrity": "sha512-Wzx/22c5Jsv2ag+uKy+ITanGA5hzvBZngrNGDXLTC7ZjGM6FLCYGgomauTkxNJeP9of353OM0pWqngYA180xgw==",

      "dev": true

    },

    "node_modules/map-age-cleaner": {

      "version": "0.1.3",

      "resolved": "https://registry.npmjs.org/map-age-cleaner/-/map-age-cleaner-0.1.3.tgz",

      "integrity": "sha512-bJzx6nMoP6PDLPBFmg7+xRKeFZvFboMrGlxmNj9ClvX53KrmvM5bXFXEWjbz4cz1AFn+jWJ9z/DJSz7hrs0w3w==",

      "dev": true,

      "dependencies": {

        "p-defer": "^1.0.0"

      },

      "engines": {

        "node": ">=6"

      }

    },

    "node_modules/mem": {

      "version": "9.0.2",

      "resolved": "https://registry.npmjs.org/mem/-/mem-9.0.2.tgz",

      "integrity": "sha512-F2t4YIv9XQUBHt6AOJ0y7lSmP1+cY7Fm1DRh9GClTGzKST7UWLMx6ly9WZdLH/G/ppM5RL4MlQfRT71ri9t19A==",

      "dev": true,

      "dependencies": {

        "map-age-cleaner": "^0.1.3",

        "mimic-fn": "^4.0.0"

      },

      "engines": {

        "node": ">=12.20"

      },

      "funding": {

        "url": "https://github.com/sindresorhus/mem?sponsor=1"

      }

    },

    "node_modules/mimic-fn": {

      "version": "4.0.0",

      "resolved": "https://registry.npmjs.org/mimic-fn/-/mimic-fn-4.0.0.tgz",

      "integrity": "sha512-vqiC06CuhBTUdZH+RYl8sFrL096vA45Ok5ISO6sE/Mr1jRbGH4Csnhi8f3wKVl7x8mO4Au7Ir9D3Oyv1VYMFJw==",

      "dev": true,

      "engines": {

        "node": ">=12"

      },

      "funding": {

        "url": "https://github.com/sponsors/sindresorhus"

      }

    },

    "node_modules/p-defer": {

      "version": "1.0.0",

      "resolved": "https://registry.npmjs.org/p-defer/-/p-defer-1.0.0.tgz",

      "integrity": "sha512-wB3wfAxZpk2AzOfUMJNL+d36xothRSyj8EXOa4f6GMqYDN9BJaaSISbsk+wS9abmnebVw95C2Kb5t85UmpCxuw==",

      "dev": true,

      "engines": {

        "node": ">=4"

      }

    },

    "node_modules/php-parser": {

      "version": "3.1.5",

      "resolved": "https://registry.npmjs.org/php-parser/-/php-parser-3.1.5.tgz",

      "integrity": "sha512-jEY2DcbgCm5aclzBdfW86GM6VEIWcSlhTBSHN1qhJguVePlYe28GhwS0yoeLYXpM2K8y6wzLwrbq814n2PHSoQ==",

      "dev": true

    },

    "node_modules/prettier": {

      "version": "3.2.4",

      "resolved": "https://registry.npmjs.org/prettier/-/prettier-3.2.4.tgz",

      "integrity": "sha512-FWu1oLHKCrtpO1ypU6J0SbK2d9Ckwysq6bHj/uaCP26DxrPpppCLQRGVuqAxSTvhF00AcvDRyYrLNW7ocBhFFQ==",

      "dev": true,

      "peer": true,

      "bin": {

        "prettier": "bin/prettier.cjs"

      },

      "engines": {

        "node": ">=14"

      },

      "funding": {

        "url": "https://github.com/prettier/prettier?sponsor=1"

      }

    }

  }

}

